
Microsoft Visual Studio Solution File, Format Version 12.00
# Visual Studio Version 17
VisualStudioVersion = 17.3.32922.545
MinimumVisualStudioVersion = 10.0.40219.1
Project("{FAE04EC0-301F-11D3-BF4B-00C04F79EFBC}") = "MQQTListener", "MQQTListener.csproj", "{48A6C111-94A7-46A1-8F43-C1710D94CE2A}"
EndProject
Global
	GlobalSection(SolutionConfigurationPlatforms) = preSolution
		Debug|Any CPU = Debug|Any CPU
		Release|Any CPU = Release|Any CPU
	EndGlobalSection
	GlobalSection(ProjectConfigurationPlatforms) = postSolution
		{48A6C111-94A7-46A1-8F43-C1710D94CE2A}.Debug|Any CPU.ActiveCfg = Debug|Any CPU
		{48A6C111-94A7-46A1-8F43-C1710D94CE2A}.Debug|Any CPU.Build.0 = Debug|Any CPU
		{48A6C111-94A7-46A1-8F43-C1710D94CE2A}.Release|Any CPU.ActiveCfg = Release|Any CPU
		{48A6C111-94A7-46A1-8F43-C1710D94CE2A}.Release|Any CPU.Build.0 = Release|Any CPU
	EndGlobalSection
	GlobalSection(SolutionProperties) = preSolution
		HideSolutionNode = FALSE
	EndGlobalSection
	GlobalSection(ExtensibilityGlobals) = postSolution
		SolutionGuid = {5B2F6F41-F4E2-43DB-9B99-51D488FEBE66}
	EndGlobalSection
EndGlobal
